
Microsoft Visual Studio Solution File, Format Version 12.00
# Visual Studio Version 17
VisualStudioVersion = 17.9.34723.18
MinimumVisualStudioVersion = 10.0.40219.1
Project("{FAE04EC0-301F-11D3-BF4B-00C04F79EFBC}") = "CSI 120 Blee 04_02", "CSI 120 Blee 04_02.csproj", "{74F61E4E-5734-4F9F-AACA-3DBCA3378DAE}"
EndProject
Global
	GlobalSection(SolutionConfigurationPlatforms) = preSolution
		Debug|Any CPU = Debug|Any CPU
		Release|Any CPU = Release|Any CPU
	EndGlobalSection
	GlobalSection(ProjectConfigurationPlatforms) = postSolution
		{74F61E4E-5734-4F9F-AACA-3DBCA3378DAE}.Debug|Any CPU.ActiveCfg = Debug|Any CPU
		{74F61E4E-5734-4F9F-AACA-3DBCA3378DAE}.Debug|Any CPU.Build.0 = Debug|Any CPU
		{74F61E4E-5734-4F9F-AACA-3DBCA3378DAE}.Release|Any CPU.ActiveCfg = Release|Any CPU
		{74F61E4E-5734-4F9F-AACA-3DBCA3378DAE}.Release|Any CPU.Build.0 = Release|Any CPU
	EndGlobalSection
	GlobalSection(SolutionProperties) = preSolution
		HideSolutionNode = FALSE
	EndGlobalSection
	GlobalSection(ExtensibilityGlobals) = postSolution
		SolutionGuid = {270D7A61-4466-4A1C-BCC4-F636383BC612}
	EndGlobalSection
EndGlobal
